
Microsoft Visual Studio Solution File, Format Version 12.00
# Visual Studio Version 16
VisualStudioVersion = 16.0.31729.503
MinimumVisualStudioVersion = 10.0.40219.1
Project("{FAE04EC0-301F-11D3-BF4B-00C04F79EFBC}") = "Katas", "Katas\Katas.csproj", "{060097FD-A112-4824-A514-15D450286C56}"
EndProject
Global
	GlobalSection(SolutionConfigurationPlatforms) = preSolution
		Debug|Any CPU = Debug|Any CPU
		Release|Any CPU = Release|Any CPU
	EndGlobalSection
	GlobalSection(ProjectConfigurationPlatforms) = postSolution
		{060097FD-A112-4824-A514-15D450286C56}.Debug|Any CPU.ActiveCfg = Debug|Any CPU
		{060097FD-A112-4824-A514-15D450286C56}.Debug|Any CPU.Build.0 = Debug|Any CPU
		{060097FD-A112-4824-A514-15D450286C56}.Release|Any CPU.ActiveCfg = Release|Any CPU
		{060097FD-A112-4824-A514-15D450286C56}.Release|Any CPU.Build.0 = Release|Any CPU
	EndGlobalSection
	GlobalSection(SolutionProperties) = preSolution
		HideSolutionNode = FALSE
	EndGlobalSection
	GlobalSection(ExtensibilityGlobals) = postSolution
		SolutionGuid = {C4EF7E02-7899-438C-8861-AEA5B77FE86A}
	EndGlobalSection
EndGlobal
